{
  "requires": true,
  "lockfileVersion": 1,
  "dependencies": {
    "css-tree": {
      "version": "1.0.0-alpha.33",
      "resolved": "https://registry.npmjs.org/css-tree/-/css-tree-1.0.0-alpha.33.tgz",
      "integrity": "sha512-SPt57bh5nQnpsTBsx/IXbO14sRc9xXu5MtMAVuo0BaQQmyf0NupNPPSoMaqiAF5tDFafYsTkfeH4Q/HCKXkg4w==",
      "requires": {
        "mdn-data": "2.0.4",
        "source-map": "^0.5.3"
      }
    },
    "mdn-data": {
      "version": "2.0.4",
      "resolved": "https://registry.npmjs.org/mdn-data/-/mdn-data-2.0.4.tgz",
      "integrity": "sha512-iV3XNKw06j5Q7mi6h+9vbx23Tv7JkjEVgKHW4pimwyDGWm0OIQntJJ+u1C6mg6mK1EaTv42XQ7w76yuzH7M2cA=="
    },
    "source-map": {
      "version": "0.5.7",
      "resolved": "https://registry.npmjs.org/source-map/-/source-map-0.5.7.tgz",
      "integrity": "sha1-igOdLRAh0i0eoUyA2OpGi6LvP8w="
    }
  }
}
